
Microsoft Visual Studio Solution File, Format Version 12.00
# Visual Studio 15
VisualStudioVersion = 15.0.26124.0
MinimumVisualStudioVersion = 15.0.26124.0
Project("{FAE04EC0-301F-11D3-BF4B-00C04F79EFBC}") = "Text", "Text\Text.csproj", "{EEEB8763-1FBE-4A44-8FB2-65C76C9DF8CD}"
EndProject
Project("{FAE04EC0-301F-11D3-BF4B-00C04F79EFBC}") = "Text.Tests", "Text.Tests\Text.Tests.csproj", "{B092FBF6-2FF9-4A20-81E9-8D79D19DA439}"
EndProject
Global
	GlobalSection(SolutionConfigurationPlatforms) = preSolution
		Debug|Any CPU = Debug|Any CPU
		Debug|x64 = Debug|x64
		Debug|x86 = Debug|x86
		Release|Any CPU = Release|Any CPU
		Release|x64 = Release|x64
		Release|x86 = Release|x86
	EndGlobalSection
	GlobalSection(SolutionProperties) = preSolution
		HideSolutionNode = FALSE
	EndGlobalSection
	GlobalSection(ProjectConfigurationPlatforms) = postSolution
		{EEEB8763-1FBE-4A44-8FB2-65C76C9DF8CD}.Debug|Any CPU.ActiveCfg = Debug|Any CPU
		{EEEB8763-1FBE-4A44-8FB2-65C76C9DF8CD}.Debug|Any CPU.Build.0 = Debug|Any CPU
		{EEEB8763-1FBE-4A44-8FB2-65C76C9DF8CD}.Debug|x64.ActiveCfg = Debug|Any CPU
		{EEEB8763-1FBE-4A44-8FB2-65C76C9DF8CD}.Debug|x64.Build.0 = Debug|Any CPU
		{EEEB8763-1FBE-4A44-8FB2-65C76C9DF8CD}.Debug|x86.ActiveCfg = Debug|Any CPU
		{EEEB8763-1FBE-4A44-8FB2-65C76C9DF8CD}.Debug|x86.Build.0 = Debug|Any CPU
		{EEEB8763-1FBE-4A44-8FB2-65C76C9DF8CD}.Release|Any CPU.ActiveCfg = Release|Any CPU
		{EEEB8763-1FBE-4A44-8FB2-65C76C9DF8CD}.Release|Any CPU.Build.0 = Release|Any CPU
		{EEEB8763-1FBE-4A44-8FB2-65C76C9DF8CD}.Release|x64.ActiveCfg = Release|Any CPU
		{EEEB8763-1FBE-4A44-8FB2-65C76C9DF8CD}.Release|x64.Build.0 = Release|Any CPU
		{EEEB8763-1FBE-4A44-8FB2-65C76C9DF8CD}.Release|x86.ActiveCfg = Release|Any CPU
		{EEEB8763-1FBE-4A44-8FB2-65C76C9DF8CD}.Release|x86.Build.0 = Release|Any CPU
		{B092FBF6-2FF9-4A20-81E9-8D79D19DA439}.Debug|Any CPU.ActiveCfg = Debug|Any CPU
		{B092FBF6-2FF9-4A20-81E9-8D79D19DA439}.Debug|Any CPU.Build.0 = Debug|Any CPU
		{B092FBF6-2FF9-4A20-81E9-8D79D19DA439}.Debug|x64.ActiveCfg = Debug|Any CPU
		{B092FBF6-2FF9-4A20-81E9-8D79D19DA439}.Debug|x64.Build.0 = Debug|Any CPU
		{B092FBF6-2FF9-4A20-81E9-8D79D19DA439}.Debug|x86.ActiveCfg = Debug|Any CPU
		{B092FBF6-2FF9-4A20-81E9-8D79D19DA439}.Debug|x86.Build.0 = Debug|Any CPU
		{B092FBF6-2FF9-4A20-81E9-8D79D19DA439}.Release|Any CPU.ActiveCfg = Release|Any CPU
		{B092FBF6-2FF9-4A20-81E9-8D79D19DA439}.Release|Any CPU.Build.0 = Release|Any CPU
		{B092FBF6-2FF9-4A20-81E9-8D79D19DA439}.Release|x64.ActiveCfg = Release|Any CPU
		{B092FBF6-2FF9-4A20-81E9-8D79D19DA439}.Release|x64.Build.0 = Release|Any CPU
		{B092FBF6-2FF9-4A20-81E9-8D79D19DA439}.Release|x86.ActiveCfg = Release|Any CPU
		{B092FBF6-2FF9-4A20-81E9-8D79D19DA439}.Release|x86.Build.0 = Release|Any CPU
	EndGlobalSection
EndGlobal
