
Microsoft Visual Studio Solution File, Format Version 12.00
# Visual Studio 15
VisualStudioVersion = 15.0.26124.0
MinimumVisualStudioVersion = 15.0.26124.0
Project("{FAE04EC0-301F-11D3-BF4B-00C04F79EFBC}") = "MyMath", "MyMath\MyMath.csproj", "{FF862CB6-5F7E-4695-9C25-FB5093FBA40B}"
EndProject
Project("{FAE04EC0-301F-11D3-BF4B-00C04F79EFBC}") = "MyMath.Tests", "MyMath.Tests\MyMath.Tests.csproj", "{1BB7E43F-E815-4341-870D-29D54258B1AC}"
EndProject
Global
	GlobalSection(SolutionConfigurationPlatforms) = preSolution
		Debug|Any CPU = Debug|Any CPU
		Debug|x64 = Debug|x64
		Debug|x86 = Debug|x86
		Release|Any CPU = Release|Any CPU
		Release|x64 = Release|x64
		Release|x86 = Release|x86
	EndGlobalSection
	GlobalSection(SolutionProperties) = preSolution
		HideSolutionNode = FALSE
	EndGlobalSection
	GlobalSection(ProjectConfigurationPlatforms) = postSolution
		{FF862CB6-5F7E-4695-9C25-FB5093FBA40B}.Debug|Any CPU.ActiveCfg = Debug|Any CPU
		{FF862CB6-5F7E-4695-9C25-FB5093FBA40B}.Debug|Any CPU.Build.0 = Debug|Any CPU
		{FF862CB6-5F7E-4695-9C25-FB5093FBA40B}.Debug|x64.ActiveCfg = Debug|Any CPU
		{FF862CB6-5F7E-4695-9C25-FB5093FBA40B}.Debug|x64.Build.0 = Debug|Any CPU
		{FF862CB6-5F7E-4695-9C25-FB5093FBA40B}.Debug|x86.ActiveCfg = Debug|Any CPU
		{FF862CB6-5F7E-4695-9C25-FB5093FBA40B}.Debug|x86.Build.0 = Debug|Any CPU
		{FF862CB6-5F7E-4695-9C25-FB5093FBA40B}.Release|Any CPU.ActiveCfg = Release|Any CPU
		{FF862CB6-5F7E-4695-9C25-FB5093FBA40B}.Release|Any CPU.Build.0 = Release|Any CPU
		{FF862CB6-5F7E-4695-9C25-FB5093FBA40B}.Release|x64.ActiveCfg = Release|Any CPU
		{FF862CB6-5F7E-4695-9C25-FB5093FBA40B}.Release|x64.Build.0 = Release|Any CPU
		{FF862CB6-5F7E-4695-9C25-FB5093FBA40B}.Release|x86.ActiveCfg = Release|Any CPU
		{FF862CB6-5F7E-4695-9C25-FB5093FBA40B}.Release|x86.Build.0 = Release|Any CPU
		{1BB7E43F-E815-4341-870D-29D54258B1AC}.Debug|Any CPU.ActiveCfg = Debug|Any CPU
		{1BB7E43F-E815-4341-870D-29D54258B1AC}.Debug|Any CPU.Build.0 = Debug|Any CPU
		{1BB7E43F-E815-4341-870D-29D54258B1AC}.Debug|x64.ActiveCfg = Debug|Any CPU
		{1BB7E43F-E815-4341-870D-29D54258B1AC}.Debug|x64.Build.0 = Debug|Any CPU
		{1BB7E43F-E815-4341-870D-29D54258B1AC}.Debug|x86.ActiveCfg = Debug|Any CPU
		{1BB7E43F-E815-4341-870D-29D54258B1AC}.Debug|x86.Build.0 = Debug|Any CPU
		{1BB7E43F-E815-4341-870D-29D54258B1AC}.Release|Any CPU.ActiveCfg = Release|Any CPU
		{1BB7E43F-E815-4341-870D-29D54258B1AC}.Release|Any CPU.Build.0 = Release|Any CPU
		{1BB7E43F-E815-4341-870D-29D54258B1AC}.Release|x64.ActiveCfg = Release|Any CPU
		{1BB7E43F-E815-4341-870D-29D54258B1AC}.Release|x64.Build.0 = Release|Any CPU
		{1BB7E43F-E815-4341-870D-29D54258B1AC}.Release|x86.ActiveCfg = Release|Any CPU
		{1BB7E43F-E815-4341-870D-29D54258B1AC}.Release|x86.Build.0 = Release|Any CPU
	EndGlobalSection
EndGlobal
